github.com/jarcoal/httpmock v1.3.1/go.mod h1:3yb8rc4BI7TCBhFY8ng0gjuLKJNquuDNiPaZjnENuYg=
github.com/qdrant/go-client v1.13.0/go.mod h1:iO8ts78jL4x6LDHFOViyYWELVtIBDTjOykBmiOTHLnQ=
github.com/spf13/viper v1.20.0/go.mod h1:P9Mdzt1zoHIG8m2eZQinpiBjo6kCmZSKBClNNqjJvu4=
github.com/stretchr/testify v1.10.0/go.mod h1:r2ic/lqez/lEtzL7wO/rwa5dbSLXVDPFyf8C91i36aY=
github.com/testcontainers/testcontainers-go v0.35.0/go.mod h1:oEVBj5zrfJTrgjwONs1SsRbnBtH9OKl+IGl3UMcr2B4=
github.com/testcontainers/testcontainers-go/modules/postgres v0.35.0/go.mod h1:hfH71Mia/WWLBgMD2YctYcMlfsbnT0hflweL1dy8Q4s=
github.com/testcontainers/testcontainers-go/modules/rabbitmq v0.35.0/go.mod h1:xuazU9BNcShAHlgf48JQ0Ef348EF28kSPp9rIHtWzPg=
go.opentelemetry.io/contrib/instrumentation/google.golang.org/grpc/otelgrpc v0.59.0/go.mod h1:ijPqXp5P6IRRByFVVg9DY8P5HkxkHE5ARIa+86aXPf4=
go.uber.org/zap v1.27.0/go.mod h1:GB2qFLM7cTU87MWRP2mPIjqfIDnGu+VIO4V/SdhGo2E=
google.golang.org/grpc v1.70.0/go.mod h1:ofIJqVKDXx/JiXrwr2IG4/zwdH9txy3IlF40RmcJSQw=
google.golang.org/protobuf v1.36.5/go.mod h1:9fA7Ob0pmnwhb644+1+CVWFRbNajQ6iRojtC/QF5bRE=
